
Microsoft Visual Studio Solution File, Format Version 12.00
# Visual Studio 2012
Project("{8BC9CEB8-8B4A-11D0-8D11-00A0C91BC942}") = "BlueTooth", "BlueTooth\BlueTooth.vcxproj", "{66D0A3B2-4A5F-4BA7-84A9-98B8B7F4D65A}"
EndProject
Global
	GlobalSection(SolutionConfigurationPlatforms) = preSolution
		Debug|Win32 = Debug|Win32
		Release|Win32 = Release|Win32
	EndGlobalSection
	GlobalSection(ProjectConfigurationPlatforms) = postSolution
		{66D0A3B2-4A5F-4BA7-84A9-98B8B7F4D65A}.Debug|Win32.ActiveCfg = Debug|Win32
		{66D0A3B2-4A5F-4BA7-84A9-98B8B7F4D65A}.Debug|Win32.Build.0 = Debug|Win32
		{66D0A3B2-4A5F-4BA7-84A9-98B8B7F4D65A}.Release|Win32.ActiveCfg = Release|Win32
		{66D0A3B2-4A5F-4BA7-84A9-98B8B7F4D65A}.Release|Win32.Build.0 = Release|Win32
	EndGlobalSection
	GlobalSection(SolutionProperties) = preSolution
		HideSolutionNode = FALSE
	EndGlobalSection
EndGlobal
